
Microsoft Visual Studio Solution File, Format Version 12.00
# Visual Studio Version 17
VisualStudioVersion = 17.0.31903.59
MinimumVisualStudioVersion = 10.0.40219.1
Project("{FAE04EC0-301F-11D3-BF4B-00C04F79EFBC}") = "AgentWorkshop.Client", "AgentWorkshop.Client\AgentWorkshop.Client.csproj", "{58DA226D-79D3-4CDD-802D-71DB4E24D845}"
EndProject
Project("{2150E333-8FDC-42A3-9474-1A3956D46DE8}") = "Instructions", "Instructions", "{73AF1889-DD7D-C8E5-7359-E9A7C0A6D975}"
	ProjectSection(SolutionItems) = preProject
		..\..\shared\instructions\code_interpreter_multilingual.txt = ..\..\shared\instructions\code_interpreter_multilingual.txt
		..\..\shared\instructions\code_interpreter.txt = ..\..\shared\instructions\code_interpreter.txt
		..\..\shared\instructions\file_search.txt = ..\..\shared\instructions\file_search.txt
		..\..\shared\instructions\function_calling.txt = ..\..\shared\instructions\function_calling.txt
	EndProjectSection
EndProject
Global
	GlobalSection(SolutionConfigurationPlatforms) = preSolution
		Debug|Any CPU = Debug|Any CPU
		Debug|x64 = Debug|x64
		Debug|x86 = Debug|x86
		Release|Any CPU = Release|Any CPU
		Release|x64 = Release|x64
		Release|x86 = Release|x86
	EndGlobalSection
	GlobalSection(ProjectConfigurationPlatforms) = postSolution
		{58DA226D-79D3-4CDD-802D-71DB4E24D845}.Debug|Any CPU.ActiveCfg = Debug|Any CPU
		{58DA226D-79D3-4CDD-802D-71DB4E24D845}.Debug|Any CPU.Build.0 = Debug|Any CPU
		{58DA226D-79D3-4CDD-802D-71DB4E24D845}.Debug|x64.ActiveCfg = Debug|Any CPU
		{58DA226D-79D3-4CDD-802D-71DB4E24D845}.Debug|x64.Build.0 = Debug|Any CPU
		{58DA226D-79D3-4CDD-802D-71DB4E24D845}.Debug|x86.ActiveCfg = Debug|Any CPU
		{58DA226D-79D3-4CDD-802D-71DB4E24D845}.Debug|x86.Build.0 = Debug|Any CPU
		{58DA226D-79D3-4CDD-802D-71DB4E24D845}.Release|Any CPU.ActiveCfg = Release|Any CPU
		{58DA226D-79D3-4CDD-802D-71DB4E24D845}.Release|Any CPU.Build.0 = Release|Any CPU
		{58DA226D-79D3-4CDD-802D-71DB4E24D845}.Release|x64.ActiveCfg = Release|Any CPU
		{58DA226D-79D3-4CDD-802D-71DB4E24D845}.Release|x64.Build.0 = Release|Any CPU
		{58DA226D-79D3-4CDD-802D-71DB4E24D845}.Release|x86.ActiveCfg = Release|Any CPU
		{58DA226D-79D3-4CDD-802D-71DB4E24D845}.Release|x86.Build.0 = Release|Any CPU
	EndGlobalSection
	GlobalSection(SolutionProperties) = preSolution
		HideSolutionNode = FALSE
	EndGlobalSection
EndGlobal
